
Microsoft Visual Studio Solution File, Format Version 12.00
# Visual Studio 2013
VisualStudioVersion = 12.0.21005.1
MinimumVisualStudioVersion = 10.0.40219.1
Project("{FAE04EC0-301F-11D3-BF4B-00C04F79EFBC}") = "5JobService", "5JobService\5JobService.csproj", "{420EE206-8484-4C60-B746-D1CC1298D587}"
EndProject
Project("{FAE04EC0-301F-11D3-BF4B-00C04F79EFBC}") = "JobInfoDB", "JobInfoDB\JobInfoDB.csproj", "{2BE2AADB-D478-4071-BC7E-CA87F25C4DBE}"
EndProject
Global
	GlobalSection(SolutionConfigurationPlatforms) = preSolution
		Debug|Any CPU = Debug|Any CPU
		Release|Any CPU = Release|Any CPU
	EndGlobalSection
	GlobalSection(ProjectConfigurationPlatforms) = postSolution
		{420EE206-8484-4C60-B746-D1CC1298D587}.Debug|Any CPU.ActiveCfg = Debug|Any CPU
		{420EE206-8484-4C60-B746-D1CC1298D587}.Debug|Any CPU.Build.0 = Debug|Any CPU
		{420EE206-8484-4C60-B746-D1CC1298D587}.Release|Any CPU.ActiveCfg = Release|Any CPU
		{420EE206-8484-4C60-B746-D1CC1298D587}.Release|Any CPU.Build.0 = Release|Any CPU
		{2BE2AADB-D478-4071-BC7E-CA87F25C4DBE}.Debug|Any CPU.ActiveCfg = Debug|Any CPU
		{2BE2AADB-D478-4071-BC7E-CA87F25C4DBE}.Debug|Any CPU.Build.0 = Debug|Any CPU
		{2BE2AADB-D478-4071-BC7E-CA87F25C4DBE}.Release|Any CPU.ActiveCfg = Release|Any CPU
		{2BE2AADB-D478-4071-BC7E-CA87F25C4DBE}.Release|Any CPU.Build.0 = Release|Any CPU
	EndGlobalSection
	GlobalSection(SolutionProperties) = preSolution
		HideSolutionNode = FALSE
	EndGlobalSection
EndGlobal
